
Microsoft Visual Studio Solution File, Format Version 12.00
# Visual Studio Version 16
VisualStudioVersion = 16.0.31112.23
MinimumVisualStudioVersion = 10.0.40219.1
Project("{FAE04EC0-301F-11D3-BF4B-00C04F79EFBC}") = "lab5_threads", "lab5_threads\lab5_threads.csproj", "{94D4A84C-D7EF-450B-8057-A1E192D43C42}"
EndProject
Global
	GlobalSection(SolutionConfigurationPlatforms) = preSolution
		Debug|Any CPU = Debug|Any CPU
		Release|Any CPU = Release|Any CPU
	EndGlobalSection
	GlobalSection(ProjectConfigurationPlatforms) = postSolution
		{94D4A84C-D7EF-450B-8057-A1E192D43C42}.Debug|Any CPU.ActiveCfg = Debug|Any CPU
		{94D4A84C-D7EF-450B-8057-A1E192D43C42}.Debug|Any CPU.Build.0 = Debug|Any CPU
		{94D4A84C-D7EF-450B-8057-A1E192D43C42}.Release|Any CPU.ActiveCfg = Release|Any CPU
		{94D4A84C-D7EF-450B-8057-A1E192D43C42}.Release|Any CPU.Build.0 = Release|Any CPU
	EndGlobalSection
	GlobalSection(SolutionProperties) = preSolution
		HideSolutionNode = FALSE
	EndGlobalSection
	GlobalSection(ExtensibilityGlobals) = postSolution
		SolutionGuid = {57D2964C-08F8-4F8B-B7B5-6127C782460A}
	EndGlobalSection
EndGlobal
