
Microsoft Visual Studio Solution File, Format Version 12.00
# Visual Studio Version 16
VisualStudioVersion = 16.0.31112.23
MinimumVisualStudioVersion = 10.0.40219.1
Project("{FAE04EC0-301F-11D3-BF4B-00C04F79EFBC}") = "adapter", "adapter\adapter.csproj", "{96C8885A-0EBF-467D-8C03-DE64C19F2A0F}"
EndProject
Global
	GlobalSection(SolutionConfigurationPlatforms) = preSolution
		Debug|Any CPU = Debug|Any CPU
		Release|Any CPU = Release|Any CPU
	EndGlobalSection
	GlobalSection(ProjectConfigurationPlatforms) = postSolution
		{96C8885A-0EBF-467D-8C03-DE64C19F2A0F}.Debug|Any CPU.ActiveCfg = Debug|Any CPU
		{96C8885A-0EBF-467D-8C03-DE64C19F2A0F}.Debug|Any CPU.Build.0 = Debug|Any CPU
		{96C8885A-0EBF-467D-8C03-DE64C19F2A0F}.Release|Any CPU.ActiveCfg = Release|Any CPU
		{96C8885A-0EBF-467D-8C03-DE64C19F2A0F}.Release|Any CPU.Build.0 = Release|Any CPU
	EndGlobalSection
	GlobalSection(SolutionProperties) = preSolution
		HideSolutionNode = FALSE
	EndGlobalSection
	GlobalSection(ExtensibilityGlobals) = postSolution
		SolutionGuid = {77757F09-E608-4B03-8B1F-B65969C31561}
	EndGlobalSection
EndGlobal
